{
  "nodes": {
    "flake-utils": {
      "locked": {
        "lastModified": 1653893745,
        "narHash": "sha256-0jntwV3Z8//YwuOjzhV2sgJJPt+HY6KhU7VZUL0fKZQ=",
        "owner": "numtide",
        "repo": "flake-utils",
        "rev": "1ed9fb1935d260de5fe1c2f7ee0ebaae17ed2fa1",
        "type": "github"
      },
      "original": {
        "owner": "numtide",
        "repo": "flake-utils",
        "type": "github"
      }
    },
    "logmich": {
      "inputs": {
        "flake-utils": [
          "flake-utils"
        ],
        "nixpkgs": [
          "nixpkgs"
        ],
        "tinycmmc": [
          "tinycmmc"
        ]
      },
      "locked": {
        "lastModified": 1654002712,
        "narHash": "sha256-TCoZBwTgvjxmMiDusJGg0IYp2ey0GJcOO2r5IvoDrV8=",
        "owner": "logmich",
        "repo": "logmich",
        "rev": "cc8f2c36a36ccd02aea58be587ba7fe95603f8ac",
        "type": "github"
      },
      "original": {
        "owner": "logmich",
        "ref": "logmich-0.1.x",
        "repo": "logmich",
        "type": "github"
      }
    },
    "nixpkgs": {
      "locked": {
        "lastModified": 1653920503,
        "narHash": "sha256-BBeCZwZImtjP3oYy4WogkQYy5OxNyfNciVSc1AfZgLQ=",
        "owner": "NixOS",
        "repo": "nixpkgs",
        "rev": "a634c8f6c1fbf9b9730e01764999666f3436f10a",
        "type": "github"
      },
      "original": {
        "owner": "NixOS",
        "ref": "nixos-22.05",
        "repo": "nixpkgs",
        "type": "github"
      }
    },
    "nixpkgs_old": {
      "locked": {
        "lastModified": 1635350005,
        "narHash": "sha256-tAMJnUwfaDEB2aa31jGcu7R7bzGELM9noc91L2PbVjg=",
        "owner": "NixOS",
        "repo": "nixpkgs",
        "rev": "1c1f5649bb9c1b0d98637c8c365228f57126f361",
        "type": "github"
      },
      "original": {
        "owner": "NixOS",
        "ref": "nixos-20.09",
        "repo": "nixpkgs",
        "type": "github"
      }
    },
    "root": {
      "inputs": {
        "flake-utils": "flake-utils",
        "logmich": "logmich",
        "nixpkgs": "nixpkgs",
        "nixpkgs_old": "nixpkgs_old",
        "tinycmmc": "tinycmmc",
        "tinygettext": "tinygettext"
      }
    },
    "tinycmmc": {
      "inputs": {
        "flake-utils": [
          "flake-utils"
        ],
        "nixpkgs": [
          "nixpkgs"
        ]
      },
      "locked": {
        "lastModified": 1654000716,
        "narHash": "sha256-aCfXSXWVki7moiSR/oFaZRnRdO/5jhZbJ39jEI8fi5I=",
        "owner": "grumbel",
        "repo": "tinycmmc",
        "rev": "22c77404937829f4b2da539c6c2e0e99545440e8",
        "type": "github"
      },
      "original": {
        "owner": "grumbel",
        "repo": "tinycmmc",
        "type": "github"
      }
    },
    "tinygettext": {
      "inputs": {
        "flake-utils": [
          "flake-utils"
        ],
        "nixpkgs": [
          "nixpkgs"
        ],
        "tinycmmc": [
          "tinycmmc"
        ]
      },
      "locked": {
        "lastModified": 1654003362,
        "narHash": "sha256-yXS5cP9tL9wj5+GGnPPWh5wyZn0aVHDMth+m7+9XsRI=",
        "owner": "tinygettext",
        "repo": "tinygettext",
        "rev": "0db94e04ec4a0d63c7926fd5eec86955afb02e63",
        "type": "github"
      },
      "original": {
        "owner": "tinygettext",
        "repo": "tinygettext",
        "type": "github"
      }
    }
  },
  "root": "root",
  "version": 7
}
