{
  "nodes": {
    "SDL2-win32": {
      "inputs": {
        "SDL2_src": "SDL2_src",
        "nixpkgs": [
          "nixpkgs"
        ],
        "tinycmmc": [
          "tinycmmc"
        ]
      },
      "locked": {
        "lastModified": 1712097214,
        "narHash": "sha256-lXu+tuvZw8WnbNHMHzCMeSE93fLQEhSz+xLWkaJ1cCA=",
        "owner": "grumnix",
        "repo": "SDL2-win32",
        "rev": "123c65858c5259437469a06f20cec5944ea4bb4b",
        "type": "github"
      },
      "original": {
        "owner": "grumnix",
        "repo": "SDL2-win32",
        "type": "github"
      }
    },
    "SDL2_image-win32": {
      "inputs": {
        "SDL2_image_src": "SDL2_image_src",
        "nixpkgs": [
          "nixpkgs"
        ],
        "tinycmmc": [
          "tinycmmc"
        ]
      },
      "locked": {
        "lastModified": 1712097214,
        "narHash": "sha256-XOPvwQkey5ud2rz4f9WIuAya9uUk0oweBPfs/KmX3cA=",
        "owner": "grumnix",
        "repo": "SDL2_image-win32",
        "rev": "621836b1854237666d7f3ca9e1b55f000a1f3c8a",
        "type": "github"
      },
      "original": {
        "owner": "grumnix",
        "repo": "SDL2_image-win32",
        "type": "github"
      }
    },
    "SDL2_image_src": {
      "flake": false,
      "locked": {
        "lastModified": 1561870399,
        "narHash": "sha256-GNKF/bhxZ9WxpNVqRQ3yFf/8yiQntLXOYnhn22Sy9k0=",
        "type": "tarball",
        "url": "https://www.libsdl.org/projects/SDL_image/release/SDL2_image-devel-2.0.5-mingw.tar.gz"
      },
      "original": {
        "type": "tarball",
        "url": "https://www.libsdl.org/projects/SDL_image/release/SDL2_image-devel-2.0.5-mingw.tar.gz"
      }
    },
    "SDL2_src": {
      "flake": false,
      "locked": {
        "lastModified": 1650910413,
        "narHash": "sha256-7F8KGZaY6R7tzv/+0gNNm1FvDyrY4Z4PPuzYu+3pvNM=",
        "type": "tarball",
        "url": "https://libsdl.org/release/SDL2-devel-2.0.22-mingw.tar.gz"
      },
      "original": {
        "type": "tarball",
        "url": "https://libsdl.org/release/SDL2-devel-2.0.22-mingw.tar.gz"
      }
    },
    "argpp": {
      "inputs": {
        "flake-utils": [
          "flake-utils"
        ],
        "nixpkgs": [
          "nixpkgs"
        ],
        "tinycmmc": [
          "tinycmmc"
        ]
      },
      "locked": {
        "lastModified": 1660505203,
        "narHash": "sha256-unfAFxgvv1BOUEqrYYMFfouGe2xIcKJ3ithCel1P9sc=",
        "owner": "grumbel",
        "repo": "argpp",
        "rev": "9e1d54f8ed20af0aa5857e6653ab605b2ab63d5c",
        "type": "github"
      },
      "original": {
        "owner": "grumbel",
        "ref": "stable",
        "repo": "argpp",
        "type": "github"
      }
    },
    "flake-utils": {
      "inputs": {
        "systems": "systems"
      },
      "locked": {
        "lastModified": 1710146030,
        "narHash": "sha256-SZ5L6eA7HJ/nmkzGG7/ISclqe6oZdOZTNoesiInkXPQ=",
        "owner": "numtide",
        "repo": "flake-utils",
        "rev": "b1d9ab70662946ef0850d488da1c9019f3a9752a",
        "type": "github"
      },
      "original": {
        "owner": "numtide",
        "repo": "flake-utils",
        "type": "github"
      }
    },
    "geomcpp": {
      "inputs": {
        "nixpkgs": [
          "nixpkgs"
        ],
        "tinycmmc": [
          "tinycmmc"
        ]
      },
      "locked": {
        "lastModified": 1716729078,
        "narHash": "sha256-c5CIQTRS8qmlTdZ2D1hNnht3gD9snuQaqOWDiLAkE2g=",
        "owner": "grumbel",
        "repo": "geomcpp",
        "rev": "730b3d35bc4fcd5f68764239682d936bae192811",
        "type": "github"
      },
      "original": {
        "owner": "grumbel",
        "repo": "geomcpp",
        "type": "github"
      }
    },
    "libmodplug-win32": {
      "inputs": {
        "libmodplug_src": "libmodplug_src",
        "nixpkgs": [
          "wstsound",
          "nixpkgs"
        ],
        "tinycmmc": [
          "wstsound",
          "tinycmmc"
        ]
      },
      "locked": {
        "lastModified": 1712097214,
        "narHash": "sha256-4L8wi+A5eKevKcjxLMhXvvHpolUMAyaejjohJmPOSBE=",
        "owner": "grumnix",
        "repo": "libmodplug-win32",
        "rev": "34cd19009c09b43e1d9b7dea7e95142ff5a6d15e",
        "type": "github"
      },
      "original": {
        "owner": "grumnix",
        "repo": "libmodplug-win32",
        "type": "github"
      }
    },
    "libmodplug_src": {
      "flake": false,
      "locked": {
        "lastModified": 1493040202,
        "narHash": "sha256-jNHspgIcrv5AUEgq2MB4TSqbj//tTCXiOoSqYjShGkw=",
        "type": "tarball",
        "url": "https://downloads.sourceforge.net/project/modplug-xmms/libmodplug/0.8.9.0/libmodplug-0.8.9.0.tar.gz"
      },
      "original": {
        "type": "tarball",
        "url": "https://downloads.sourceforge.net/project/modplug-xmms/libmodplug/0.8.9.0/libmodplug-0.8.9.0.tar.gz"
      }
    },
    "libogg-win32": {
      "inputs": {
        "libogg_src": "libogg_src",
        "nixpkgs": [
          "wstsound",
          "nixpkgs"
        ],
        "tinycmmc": [
          "wstsound",
          "tinycmmc"
        ]
      },
      "locked": {
        "lastModified": 1716728441,
        "narHash": "sha256-HjPNH3gJisG7+keqmWh2SsRRKn/+0yeLloaow78RpFU=",
        "owner": "grumnix",
        "repo": "libogg-win32",
        "rev": "7ac1ded6d96c3924a0a7905b75af2af3ea0dfaa3",
        "type": "github"
      },
      "original": {
        "owner": "grumnix",
        "repo": "libogg-win32",
        "type": "github"
      }
    },
    "libogg_src": {
      "flake": false,
      "locked": {
        "lastModified": 1622776889,
        "narHash": "sha256-L8hFWoCh2VTdlsOq+cbP1eYAnciH70xlk1eSwr8YP5c=",
        "type": "tarball",
        "url": "https://downloads.xiph.org/releases/ogg/libogg-1.3.5.tar.gz"
      },
      "original": {
        "type": "tarball",
        "url": "https://downloads.xiph.org/releases/ogg/libogg-1.3.5.tar.gz"
      }
    },
    "libvorbis-win32": {
      "inputs": {
        "libogg": [
          "wstsound",
          "libogg-win32"
        ],
        "libvorbis_src": "libvorbis_src",
        "nixpkgs": [
          "wstsound",
          "nixpkgs"
        ],
        "tinycmmc": [
          "wstsound",
          "tinycmmc"
        ]
      },
      "locked": {
        "lastModified": 1716728493,
        "narHash": "sha256-Ooh0dv6uRegUdvbVovgmctj0oxhp9tQh56ZyCYVouNE=",
        "owner": "grumnix",
        "repo": "libvorbis-win32",
        "rev": "c7fc737798ad8eec2e8d0899d603fbe0cb2e9455",
        "type": "github"
      },
      "original": {
        "owner": "grumnix",
        "repo": "libvorbis-win32",
        "type": "github"
      }
    },
    "libvorbis_src": {
      "flake": false,
      "locked": {
        "lastModified": 1593843770,
        "narHash": "sha256-xXty8sK0hmJX7jQu5+CDBslNVQ0+dZaUrbp/12xVmy0=",
        "type": "tarball",
        "url": "https://downloads.xiph.org/releases/vorbis/libvorbis-1.3.7.tar.xz"
      },
      "original": {
        "type": "tarball",
        "url": "https://downloads.xiph.org/releases/vorbis/libvorbis-1.3.7.tar.xz"
      }
    },
    "logmich": {
      "inputs": {
        "nixpkgs": [
          "nixpkgs"
        ],
        "tinycmmc": [
          "tinycmmc"
        ]
      },
      "locked": {
        "lastModified": 1716728859,
        "narHash": "sha256-RgyLWkRBOCvuCmyvfG0WSDH6PzTEuE36RKcIrgef7eA=",
        "owner": "logmich",
        "repo": "logmich",
        "rev": "0cc475efc10c6786d1d805c997fab1d7da60252a",
        "type": "github"
      },
      "original": {
        "owner": "logmich",
        "repo": "logmich",
        "type": "github"
      }
    },
    "mpg123-win32": {
      "inputs": {
        "mpg123_src": "mpg123_src",
        "nixpkgs": [
          "wstsound",
          "nixpkgs"
        ],
        "tinycmmc": [
          "wstsound",
          "tinycmmc"
        ]
      },
      "locked": {
        "lastModified": 1716728685,
        "narHash": "sha256-+oyZIT88pcIuWUW1jw69KpxEjvqU1QDtF3VV6hiTVAo=",
        "owner": "grumnix",
        "repo": "mpg123-win32",
        "rev": "aead750a3614f02601f7e81f67751b9f64eeab07",
        "type": "github"
      },
      "original": {
        "owner": "grumnix",
        "repo": "mpg123-win32",
        "type": "github"
      }
    },
    "mpg123_src": {
      "flake": false,
      "locked": {
        "lastModified": 1679225440,
        "narHash": "sha256-OGSGPiIZbcBhovnX+rMquDECVT0myZDpJFxMYQMK4TM=",
        "type": "tarball",
        "url": "https://downloads.sourceforge.net/project/mpg123/mpg123/1.31.3/mpg123-1.31.3.tar.bz2"
      },
      "original": {
        "type": "tarball",
        "url": "https://downloads.sourceforge.net/project/mpg123/mpg123/1.31.3/mpg123-1.31.3.tar.bz2"
      }
    },
    "nixpkgs": {
      "locked": {
        "lastModified": 1716542732,
        "narHash": "sha256-0Y9fRr0CUqWT4KgBITmaGwlnNIGMYuydu2L8iLTfHU4=",
        "owner": "NixOS",
        "repo": "nixpkgs",
        "rev": "d12251ef6e8e6a46e05689eeccd595bdbd3c9e60",
        "type": "github"
      },
      "original": {
        "owner": "NixOS",
        "ref": "nixos-24.05",
        "repo": "nixpkgs",
        "type": "github"
      }
    },
    "openal-soft-win32": {
      "inputs": {
        "nixpkgs": [
          "wstsound",
          "nixpkgs"
        ],
        "openal-soft_src": "openal-soft_src",
        "tinycmmc": [
          "wstsound",
          "tinycmmc"
        ]
      },
      "locked": {
        "lastModified": 1712097214,
        "narHash": "sha256-cuiOE7lCr25PVRgrRZ0nlT9e07oXDh20e/Tc4XoUNcs=",
        "owner": "grumnix",
        "repo": "openal-soft-win32",
        "rev": "cf2d13dc31a9cbeafcd871287ed82d8c634f0348",
        "type": "github"
      },
      "original": {
        "owner": "grumnix",
        "repo": "openal-soft-win32",
        "type": "github"
      }
    },
    "openal-soft_src": {
      "flake": false,
      "locked": {
        "lastModified": 1656318833,
        "narHash": "sha256-MVM0qCZDWcO7/Hnco+0dBqzBLcWD279xjx0slxxlc4w=",
        "owner": "kcat",
        "repo": "openal-soft",
        "rev": "dc83d99c95a42c960150ddeee06c124134b52208",
        "type": "github"
      },
      "original": {
        "owner": "kcat",
        "ref": "1.22.2",
        "repo": "openal-soft",
        "type": "github"
      }
    },
    "opus-win32": {
      "inputs": {
        "nixpkgs": [
          "wstsound",
          "nixpkgs"
        ],
        "opus_src": "opus_src",
        "tinycmmc": [
          "wstsound",
          "tinycmmc"
        ]
      },
      "locked": {
        "lastModified": 1716728603,
        "narHash": "sha256-3+GUby3dHbQPdsBiGQlQ9XgNyZe1hORqbQpGUCzFm1E=",
        "owner": "grumnix",
        "repo": "opus-win32",
        "rev": "4530cd6280b2c239d8df717943fa0f63b1a3a650",
        "type": "github"
      },
      "original": {
        "owner": "grumnix",
        "repo": "opus-win32",
        "type": "github"
      }
    },
    "opus_src": {
      "flake": false,
      "locked": {
        "lastModified": 1555106623,
        "narHash": "sha256-VyHmKoRXCJ0shVfUn6cX13b0fAXIQk0Z5NLZIfy8Gh4=",
        "type": "tarball",
        "url": "https://archive.mozilla.org/pub/opus/opus-1.3.1.tar.gz"
      },
      "original": {
        "type": "tarball",
        "url": "https://archive.mozilla.org/pub/opus/opus-1.3.1.tar.gz"
      }
    },
    "opusfile-win32": {
      "inputs": {
        "libogg": [
          "wstsound",
          "libogg-win32"
        ],
        "nixpkgs": [
          "wstsound",
          "nixpkgs"
        ],
        "opus": [
          "wstsound",
          "opus-win32"
        ],
        "opusfile_src": "opusfile_src",
        "tinycmmc": [
          "wstsound",
          "tinycmmc"
        ]
      },
      "locked": {
        "lastModified": 1716728646,
        "narHash": "sha256-pCL8yrYE3EppKKrv8ORuCaWepm6eYmsYj3I1WoIxWDQ=",
        "owner": "grumnix",
        "repo": "opusfile-win32",
        "rev": "c19b24efe82fd596016d7805e9206466c0b5744e",
        "type": "github"
      },
      "original": {
        "owner": "grumnix",
        "repo": "opusfile-win32",
        "type": "github"
      }
    },
    "opusfile_src": {
      "flake": false,
      "locked": {
        "lastModified": 1593226173,
        "narHash": "sha256-UEoOyY9DM5lINTAHIfSRK5+o622pIK2ObQ00swIcM40=",
        "type": "tarball",
        "url": "https://downloads.xiph.org/releases/opus/opusfile-0.12.tar.gz"
      },
      "original": {
        "type": "tarball",
        "url": "https://downloads.xiph.org/releases/opus/opusfile-0.12.tar.gz"
      }
    },
    "priocpp": {
      "inputs": {
        "flake-utils": [
          "flake-utils"
        ],
        "logmich": [
          "logmich"
        ],
        "nixpkgs": [
          "nixpkgs"
        ],
        "sexpcpp": "sexpcpp",
        "tinycmmc": [
          "tinycmmc"
        ]
      },
      "locked": {
        "lastModified": 1716729881,
        "narHash": "sha256-49nt9ehd6YJPKjQaqfJoiiriLge6ui0RuJI+YXt/j5A=",
        "owner": "grumbel",
        "repo": "priocpp",
        "rev": "214a0ff789d5c58e76d870fe2e75f98857991855",
        "type": "github"
      },
      "original": {
        "owner": "grumbel",
        "repo": "priocpp",
        "type": "github"
      }
    },
    "root": {
      "inputs": {
        "SDL2-win32": "SDL2-win32",
        "SDL2_image-win32": "SDL2_image-win32",
        "argpp": "argpp",
        "flake-utils": "flake-utils",
        "geomcpp": "geomcpp",
        "logmich": "logmich",
        "nixpkgs": "nixpkgs",
        "priocpp": "priocpp",
        "strutcpp": "strutcpp",
        "tinycmmc": "tinycmmc",
        "tinygettext": "tinygettext",
        "uitest": "uitest",
        "wstsound": "wstsound",
        "xdgcpp": "xdgcpp"
      }
    },
    "sexpcpp": {
      "inputs": {
        "flake-utils": [
          "priocpp",
          "flake-utils"
        ],
        "nixpkgs": [
          "priocpp",
          "nixpkgs"
        ],
        "tinycmmc": [
          "priocpp",
          "tinycmmc"
        ]
      },
      "locked": {
        "lastModified": 1716729616,
        "narHash": "sha256-P9NQI/H7zR2SGBghL7XsV4WM5e+yI1XNojLOuM7g5Fc=",
        "owner": "lispparser",
        "repo": "sexp-cpp",
        "rev": "4d8096c223d2f469ca6e407e793d20980f6aba76",
        "type": "github"
      },
      "original": {
        "owner": "lispparser",
        "repo": "sexp-cpp",
        "type": "github"
      }
    },
    "strutcpp": {
      "inputs": {
        "nixpkgs": [
          "nixpkgs"
        ],
        "tinycmmc": [
          "tinycmmc"
        ]
      },
      "locked": {
        "lastModified": 1716730715,
        "narHash": "sha256-RwTHHC1S2rFnvkeF5SzvQtqCUpfOCLY/VeuUNjAmZFQ=",
        "owner": "grumbel",
        "repo": "strutcpp",
        "rev": "108ac9bb4993d661187ac7add0863abc7ff2531f",
        "type": "github"
      },
      "original": {
        "owner": "grumbel",
        "repo": "strutcpp",
        "type": "github"
      }
    },
    "systems": {
      "locked": {
        "lastModified": 1681028828,
        "narHash": "sha256-Vy1rq5AaRuLzOxct8nz4T6wlgyUR7zLU309k9mBC768=",
        "owner": "nix-systems",
        "repo": "default",
        "rev": "da67096a3b9bf56a91d16901293e51ba5b49a27e",
        "type": "github"
      },
      "original": {
        "owner": "nix-systems",
        "repo": "default",
        "type": "github"
      }
    },
    "tinycmmc": {
      "inputs": {
        "flake-utils": [
          "flake-utils"
        ],
        "nixpkgs": [
          "nixpkgs"
        ]
      },
      "locked": {
        "lastModified": 1701699760,
        "narHash": "sha256-L0vwqcTQFOiFfRY90nBgDuUsVOYS0+S8BfVxFvaFBNM=",
        "owner": "grumbel",
        "repo": "tinycmmc",
        "rev": "9a51e13802d930feb7261ba8876940659b258cb7",
        "type": "github"
      },
      "original": {
        "owner": "grumbel",
        "repo": "tinycmmc",
        "type": "github"
      }
    },
    "tinygettext": {
      "inputs": {
        "flake-utils": [
          "flake-utils"
        ],
        "nixpkgs": [
          "nixpkgs"
        ],
        "tinycmmc": [
          "tinycmmc"
        ]
      },
      "locked": {
        "lastModified": 1716730780,
        "narHash": "sha256-sUm+Eet95i1JIRaUote7vvf8eS+QY7Vo9rSjNZnS4mM=",
        "owner": "tinygettext",
        "repo": "tinygettext",
        "rev": "2e25c91ddb6c180928a6a29d7091f0bdfe5a81bd",
        "type": "github"
      },
      "original": {
        "owner": "tinygettext",
        "repo": "tinygettext",
        "type": "github"
      }
    },
    "uitest": {
      "inputs": {
        "flake-utils": [
          "flake-utils"
        ],
        "nixpkgs": [
          "nixpkgs"
        ],
        "tinycmmc": [
          "tinycmmc"
        ]
      },
      "locked": {
        "lastModified": 1716730030,
        "narHash": "sha256-xD2Ecs9hW3lcQW6RNcjVhGX/eor2RbCHHXohTafC9y0=",
        "owner": "grumbel",
        "repo": "uitest",
        "rev": "d845427140cbcbce99bb6c72919199ac5f033784",
        "type": "github"
      },
      "original": {
        "owner": "grumbel",
        "repo": "uitest",
        "type": "github"
      }
    },
    "wstsound": {
      "inputs": {
        "flake-utils": [
          "flake-utils"
        ],
        "libmodplug-win32": "libmodplug-win32",
        "libogg-win32": "libogg-win32",
        "libvorbis-win32": "libvorbis-win32",
        "mpg123-win32": "mpg123-win32",
        "nixpkgs": [
          "nixpkgs"
        ],
        "openal-soft-win32": "openal-soft-win32",
        "opus-win32": "opus-win32",
        "opusfile-win32": "opusfile-win32",
        "tinycmmc": [
          "tinycmmc"
        ]
      },
      "locked": {
        "lastModified": 1716728751,
        "narHash": "sha256-YUEYUNb8eiQI1KeI0x7NigxZJ0eM7teienylpE19Zw0=",
        "owner": "WindstilleTeam",
        "repo": "wstsound",
        "rev": "289cae8dd2b1e75c447b063a6a4299bf139d4249",
        "type": "github"
      },
      "original": {
        "owner": "WindstilleTeam",
        "repo": "wstsound",
        "type": "github"
      }
    },
    "xdgcpp": {
      "inputs": {
        "flake-utils": [
          "flake-utils"
        ],
        "nixpkgs": [
          "nixpkgs"
        ]
      },
      "locked": {
        "lastModified": 1716727866,
        "narHash": "sha256-eujYRUw8UpDFgEvjHUPsJ/QJN+A+hzcebfgteM9kvXM=",
        "owner": "grumbel",
        "repo": "xdgcpp",
        "rev": "e2c40c081e2ee2d315d1d0b3ae5981d5fd77260e",
        "type": "github"
      },
      "original": {
        "owner": "grumbel",
        "repo": "xdgcpp",
        "type": "github"
      }
    }
  },
  "root": "root",
  "version": 7
}
