{
  "nodes": {
    "SDL2-win32": {
      "inputs": {
        "SDL2_src": "SDL2_src",
        "nixpkgs": [
          "nixpkgs"
        ],
        "tinycmmc": [
          "tinycmmc"
        ]
      },
      "locked": {
        "lastModified": 1753127534,
        "narHash": "sha256-73UFk9wGZb0CQ2EpFaXRczHzUUlOzK/Ov2KP3ewk4qw=",
        "ref": "refs/heads/master",
        "rev": "278a40a7bff4c0b0bf4f5ad1c528308df4a1b0f9",
        "revCount": 6,
        "type": "git",
        "url": "https://github.com/grumnix/SDL2-win32.git"
      },
      "original": {
        "type": "git",
        "url": "https://github.com/grumnix/SDL2-win32.git"
      }
    },
    "SDL2_image-win32": {
      "inputs": {
        "SDL2_image_src": "SDL2_image_src",
        "nixpkgs": [
          "nixpkgs"
        ],
        "tinycmmc": [
          "tinycmmc"
        ]
      },
      "locked": {
        "lastModified": 1753127641,
        "narHash": "sha256-tyxJ/BVa8cTM/RnrNvA74+VGKqXZjDnpSFeyTEmagDs=",
        "ref": "refs/heads/master",
        "rev": "4cc470369cc84058739367683c8f75de31c9f132",
        "revCount": 7,
        "type": "git",
        "url": "https://github.com/grumnix/SDL2_image-win32.git"
      },
      "original": {
        "type": "git",
        "url": "https://github.com/grumnix/SDL2_image-win32.git"
      }
    },
    "SDL2_image_src": {
      "flake": false,
      "locked": {
        "lastModified": 1741038808,
        "narHash": "sha256-RdfL5vmppsxWqvhz6ZL41GtnSc63hrEMan3uG22iEyE=",
        "type": "tarball",
        "url": "https://www.libsdl.org/projects/SDL_image/release/SDL2_image-devel-2.8.8-mingw.tar.gz"
      },
      "original": {
        "type": "tarball",
        "url": "https://www.libsdl.org/projects/SDL_image/release/SDL2_image-devel-2.8.8-mingw.tar.gz"
      }
    },
    "SDL2_src": {
      "flake": false,
      "locked": {
        "lastModified": 1748906407,
        "narHash": "sha256-aakdhaTL0dgt2BQEtv3w6pp1mwOrmNzEorh3lLxJgyo=",
        "type": "tarball",
        "url": "https://libsdl.org/release/SDL2-devel-2.32.8-mingw.tar.gz"
      },
      "original": {
        "type": "tarball",
        "url": "https://libsdl.org/release/SDL2-devel-2.32.8-mingw.tar.gz"
      }
    },
    "argpp": {
      "inputs": {
        "flake-utils": [
          "flake-utils"
        ],
        "nixpkgs": [
          "nixpkgs"
        ],
        "tinycmmc": [
          "tinycmmc"
        ]
      },
      "locked": {
        "lastModified": 1763577316,
        "narHash": "sha256-jG+a4K6NoyF41nTlWwN1J2my2nnqdiVO+fhQ9PHhdR4=",
        "ref": "stable",
        "rev": "b52420a843327361713b6242e47afaa6b6ab2a89",
        "revCount": 73,
        "type": "git",
        "url": "https://github.com/grumbel/argpp.git"
      },
      "original": {
        "ref": "stable",
        "type": "git",
        "url": "https://github.com/grumbel/argpp.git"
      }
    },
    "flake-utils": {
      "inputs": {
        "systems": "systems"
      },
      "locked": {
        "lastModified": 1731533236,
        "narHash": "sha256-l0KFg5HjrsfsO/JpG+r7fRrqm12kzFHyUHqHCVpMMbI=",
        "owner": "numtide",
        "repo": "flake-utils",
        "rev": "11707dc2f618dd54ca8739b309ec4fc024de578b",
        "type": "github"
      },
      "original": {
        "owner": "numtide",
        "repo": "flake-utils",
        "type": "github"
      }
    },
    "geomcpp": {
      "inputs": {
        "nixpkgs": [
          "nixpkgs"
        ],
        "tinycmmc": [
          "tinycmmc"
        ]
      },
      "locked": {
        "lastModified": 1775758053,
        "narHash": "sha256-HYD1Fpz2JlIJM/QqZ56eHfFVR5T1bg2Pp5mc+YN6iq8=",
        "ref": "refs/heads/master",
        "rev": "717bea5e23cfd35fa3ef8206219b1e85b87c2a96",
        "revCount": 113,
        "type": "git",
        "url": "https://github.com/grumbel/geomcpp.git"
      },
      "original": {
        "type": "git",
        "url": "https://github.com/grumbel/geomcpp.git"
      }
    },
    "libmodplug-win32": {
      "inputs": {
        "libmodplug_src": "libmodplug_src",
        "nixpkgs": [
          "wstsound",
          "nixpkgs"
        ],
        "tinycmmc": [
          "wstsound",
          "tinycmmc"
        ]
      },
      "locked": {
        "lastModified": 1716834232,
        "narHash": "sha256-ZnTt0ZFvCPSA6NcIzAku/LH4SqYmKnwhdTadk209bFY=",
        "ref": "refs/heads/master",
        "rev": "ca34343b3492192f977f06b529888ea55f184097",
        "revCount": 5,
        "type": "git",
        "url": "https://github.com/grumnix/libmodplug-win32.git"
      },
      "original": {
        "type": "git",
        "url": "https://github.com/grumnix/libmodplug-win32.git"
      }
    },
    "libmodplug_src": {
      "flake": false,
      "locked": {
        "lastModified": 1493040202,
        "narHash": "sha256-jNHspgIcrv5AUEgq2MB4TSqbj//tTCXiOoSqYjShGkw=",
        "type": "tarball",
        "url": "https://downloads.sourceforge.net/project/modplug-xmms/libmodplug/0.8.9.0/libmodplug-0.8.9.0.tar.gz"
      },
      "original": {
        "type": "tarball",
        "url": "https://downloads.sourceforge.net/project/modplug-xmms/libmodplug/0.8.9.0/libmodplug-0.8.9.0.tar.gz"
      }
    },
    "libogg-win32": {
      "inputs": {
        "libogg_src": "libogg_src",
        "nixpkgs": [
          "wstsound",
          "nixpkgs"
        ],
        "tinycmmc": [
          "wstsound",
          "tinycmmc"
        ]
      },
      "locked": {
        "lastModified": 1764251829,
        "narHash": "sha256-CUq+HLy257tgKo9URjnjgCS1HyIQpPetU06gFr/1fQA=",
        "ref": "refs/heads/master",
        "rev": "a05787b0ad8f878cd44008fd0c4c99cb149c0066",
        "revCount": 6,
        "type": "git",
        "url": "https://github.com/grumnix/libogg-win32.git"
      },
      "original": {
        "type": "git",
        "url": "https://github.com/grumnix/libogg-win32.git"
      }
    },
    "libogg_src": {
      "flake": false,
      "locked": {
        "lastModified": 1622776890,
        "narHash": "sha256-L8hFWoCh2VTdlsOq+cbP1eYAnciH70xlk1eSwr8YP5c=",
        "type": "tarball",
        "url": "https://downloads.xiph.org/releases/ogg/libogg-1.3.5.tar.gz"
      },
      "original": {
        "type": "tarball",
        "url": "https://downloads.xiph.org/releases/ogg/libogg-1.3.5.tar.gz"
      }
    },
    "libvorbis-win32": {
      "inputs": {
        "libogg": [
          "wstsound",
          "libogg-win32"
        ],
        "libvorbis_src": "libvorbis_src",
        "nixpkgs": [
          "wstsound",
          "nixpkgs"
        ],
        "tinycmmc": [
          "wstsound",
          "tinycmmc"
        ]
      },
      "locked": {
        "lastModified": 1764251884,
        "narHash": "sha256-3jO1DR02WbHEtv6r809E/UvUFou2uXkT/8hkqmhK2Y4=",
        "ref": "refs/heads/master",
        "rev": "d698e14ec3fce00f85c111f74ad783bbda813a72",
        "revCount": 7,
        "type": "git",
        "url": "https://github.com/grumnix/libvorbis-win32.git"
      },
      "original": {
        "type": "git",
        "url": "https://github.com/grumnix/libvorbis-win32.git"
      }
    },
    "libvorbis_src": {
      "flake": false,
      "locked": {
        "lastModified": 1593843770,
        "narHash": "sha256-xXty8sK0hmJX7jQu5+CDBslNVQ0+dZaUrbp/12xVmy0=",
        "type": "tarball",
        "url": "https://downloads.xiph.org/releases/vorbis/libvorbis-1.3.7.tar.xz"
      },
      "original": {
        "type": "tarball",
        "url": "https://downloads.xiph.org/releases/vorbis/libvorbis-1.3.7.tar.xz"
      }
    },
    "logmich": {
      "inputs": {
        "nixpkgs": [
          "nixpkgs"
        ],
        "tinycmmc": [
          "tinycmmc"
        ]
      },
      "locked": {
        "lastModified": 1775758246,
        "narHash": "sha256-2PrrrybeNySSJj7jJJjzmr46f4RdFWD9NUFAB362dgk=",
        "ref": "refs/heads/master",
        "rev": "2610fad6768e5b493b52ff08d60d1eb8825f1ab6",
        "revCount": 54,
        "type": "git",
        "url": "https://github.com/logmich/logmich.git"
      },
      "original": {
        "type": "git",
        "url": "https://github.com/logmich/logmich.git"
      }
    },
    "mpg123-win32": {
      "inputs": {
        "mpg123_src": "mpg123_src",
        "nixpkgs": [
          "wstsound",
          "nixpkgs"
        ],
        "tinycmmc": [
          "wstsound",
          "tinycmmc"
        ]
      },
      "locked": {
        "lastModified": 1716728685,
        "narHash": "sha256-+oyZIT88pcIuWUW1jw69KpxEjvqU1QDtF3VV6hiTVAo=",
        "ref": "refs/heads/master",
        "rev": "aead750a3614f02601f7e81f67751b9f64eeab07",
        "revCount": 5,
        "type": "git",
        "url": "https://github.com/grumnix/mpg123-win32.git"
      },
      "original": {
        "type": "git",
        "url": "https://github.com/grumnix/mpg123-win32.git"
      }
    },
    "mpg123_src": {
      "flake": false,
      "locked": {
        "lastModified": 1679225440,
        "narHash": "sha256-OGSGPiIZbcBhovnX+rMquDECVT0myZDpJFxMYQMK4TM=",
        "type": "tarball",
        "url": "https://downloads.sourceforge.net/project/mpg123/mpg123/1.31.3/mpg123-1.31.3.tar.bz2"
      },
      "original": {
        "type": "tarball",
        "url": "https://downloads.sourceforge.net/project/mpg123/mpg123/1.31.3/mpg123-1.31.3.tar.bz2"
      }
    },
    "nixpkgs": {
      "locked": {
        "lastModified": 1782723713,
        "narHash": "sha256-oPXCU/SSUokcGaJREHibG1CBX3+s/W7orDWQOZDsEeQ=",
        "owner": "NixOS",
        "repo": "nixpkgs",
        "rev": "b5aa0fbd538984f6e3d201be0005b4463d8b09f8",
        "type": "github"
      },
      "original": {
        "owner": "NixOS",
        "ref": "nixos-unstable",
        "repo": "nixpkgs",
        "type": "github"
      }
    },
    "openal-soft-win32": {
      "inputs": {
        "nixpkgs": [
          "wstsound",
          "nixpkgs"
        ],
        "openal-soft_src": "openal-soft_src",
        "tinycmmc": [
          "wstsound",
          "tinycmmc"
        ]
      },
      "locked": {
        "lastModified": 1763585892,
        "narHash": "sha256-ADPqFbvM+Dy6OoW/Mk1E/0OM+IPyO6QC6Qd+FOsXQeg=",
        "ref": "refs/heads/master",
        "rev": "98996385d263cbafa77890bf7c1fbc7efdb9a2e6",
        "revCount": 7,
        "type": "git",
        "url": "https://github.com/grumnix/openal-soft-win32.git"
      },
      "original": {
        "type": "git",
        "url": "https://github.com/grumnix/openal-soft-win32.git"
      }
    },
    "openal-soft_src": {
      "flake": false,
      "locked": {
        "lastModified": 1743221304,
        "narHash": "sha256-VQa3FD9NyvDv/+VbU+5lmV0LteiioJHpRkr1lnCn1g4=",
        "owner": "kcat",
        "repo": "openal-soft",
        "rev": "dc7d7054a5b4f3bec1dc23a42fd616a0847af948",
        "type": "github"
      },
      "original": {
        "owner": "kcat",
        "ref": "1.24.3",
        "repo": "openal-soft",
        "type": "github"
      }
    },
    "opus-win32": {
      "inputs": {
        "nixpkgs": [
          "wstsound",
          "nixpkgs"
        ],
        "opus_src": "opus_src",
        "tinycmmc": [
          "wstsound",
          "tinycmmc"
        ]
      },
      "locked": {
        "lastModified": 1716728603,
        "narHash": "sha256-3+GUby3dHbQPdsBiGQlQ9XgNyZe1hORqbQpGUCzFm1E=",
        "ref": "refs/heads/master",
        "rev": "4530cd6280b2c239d8df717943fa0f63b1a3a650",
        "revCount": 5,
        "type": "git",
        "url": "https://github.com/grumnix/opus-win32.git"
      },
      "original": {
        "type": "git",
        "url": "https://github.com/grumnix/opus-win32.git"
      }
    },
    "opus_src": {
      "flake": false,
      "locked": {
        "lastModified": 1555106623,
        "narHash": "sha256-VyHmKoRXCJ0shVfUn6cX13b0fAXIQk0Z5NLZIfy8Gh4=",
        "type": "tarball",
        "url": "https://archive.mozilla.org/pub/opus/opus-1.3.1.tar.gz"
      },
      "original": {
        "type": "tarball",
        "url": "https://archive.mozilla.org/pub/opus/opus-1.3.1.tar.gz"
      }
    },
    "opusfile-win32": {
      "inputs": {
        "libogg": [
          "wstsound",
          "libogg-win32"
        ],
        "nixpkgs": [
          "wstsound",
          "nixpkgs"
        ],
        "opus": [
          "wstsound",
          "opus-win32"
        ],
        "opusfile_src": "opusfile_src",
        "tinycmmc": [
          "wstsound",
          "tinycmmc"
        ]
      },
      "locked": {
        "lastModified": 1716728646,
        "narHash": "sha256-pCL8yrYE3EppKKrv8ORuCaWepm6eYmsYj3I1WoIxWDQ=",
        "ref": "refs/heads/master",
        "rev": "c19b24efe82fd596016d7805e9206466c0b5744e",
        "revCount": 7,
        "type": "git",
        "url": "https://github.com/grumnix/opusfile-win32.git"
      },
      "original": {
        "type": "git",
        "url": "https://github.com/grumnix/opusfile-win32.git"
      }
    },
    "opusfile_src": {
      "flake": false,
      "locked": {
        "lastModified": 1593226173,
        "narHash": "sha256-UEoOyY9DM5lINTAHIfSRK5+o622pIK2ObQ00swIcM40=",
        "type": "tarball",
        "url": "https://downloads.xiph.org/releases/opus/opusfile-0.12.tar.gz"
      },
      "original": {
        "type": "tarball",
        "url": "https://downloads.xiph.org/releases/opus/opusfile-0.12.tar.gz"
      }
    },
    "priocpp": {
      "inputs": {
        "flake-utils": [
          "flake-utils"
        ],
        "logmich": [
          "logmich"
        ],
        "nixpkgs": [
          "nixpkgs"
        ],
        "sexpcpp": [
          "sexpcpp"
        ],
        "tinycmmc": [
          "tinycmmc"
        ]
      },
      "locked": {
        "lastModified": 1775758282,
        "narHash": "sha256-cpOKbHD129Lf18BnPkG4RCSNyHIkycS06/aPAj+T1Bw=",
        "ref": "refs/heads/master",
        "rev": "6163ea81df05e5ff08cf21f39868175f0f578360",
        "revCount": 160,
        "type": "git",
        "url": "https://github.com/grumbel/priocpp.git"
      },
      "original": {
        "type": "git",
        "url": "https://github.com/grumbel/priocpp.git"
      }
    },
    "root": {
      "inputs": {
        "SDL2-win32": "SDL2-win32",
        "SDL2_image-win32": "SDL2_image-win32",
        "argpp": "argpp",
        "flake-utils": "flake-utils",
        "geomcpp": "geomcpp",
        "logmich": "logmich",
        "nixpkgs": "nixpkgs",
        "priocpp": "priocpp",
        "sexpcpp": "sexpcpp",
        "strutcpp": "strutcpp",
        "tinycmmc": "tinycmmc",
        "tinygettext": "tinygettext",
        "uitest": "uitest",
        "wstsound": "wstsound",
        "xdgcpp": "xdgcpp"
      }
    },
    "sexpcpp": {
      "inputs": {
        "flake-utils": [
          "flake-utils"
        ],
        "nixpkgs": [
          "nixpkgs"
        ],
        "tinycmmc": [
          "tinycmmc"
        ]
      },
      "locked": {
        "lastModified": 1775758176,
        "narHash": "sha256-H74KlewiOhyXDXZsbCmHU4n0YP0ZsRMdpL4WsRrqK80=",
        "ref": "refs/heads/master",
        "rev": "af9455d4612f87f44ab7ec4c56ffdb1dbf6502e3",
        "revCount": 336,
        "type": "git",
        "url": "https://github.com/lispparser/sexp-cpp.git"
      },
      "original": {
        "type": "git",
        "url": "https://github.com/lispparser/sexp-cpp.git"
      }
    },
    "strutcpp": {
      "inputs": {
        "nixpkgs": [
          "nixpkgs"
        ],
        "tinycmmc": [
          "tinycmmc"
        ]
      },
      "locked": {
        "lastModified": 1763577479,
        "narHash": "sha256-zdlglWgTTdEGT5fzdoH/iDk9T2m6FjHWsfVbMC+2xRo=",
        "ref": "refs/heads/master",
        "rev": "04b3bf106b67a2870c2dc3d9ba843e375a834983",
        "revCount": 89,
        "type": "git",
        "url": "https://github.com/grumbel/strutcpp.git"
      },
      "original": {
        "type": "git",
        "url": "https://github.com/grumbel/strutcpp.git"
      }
    },
    "systems": {
      "locked": {
        "lastModified": 1681028828,
        "narHash": "sha256-Vy1rq5AaRuLzOxct8nz4T6wlgyUR7zLU309k9mBC768=",
        "owner": "nix-systems",
        "repo": "default",
        "rev": "da67096a3b9bf56a91d16901293e51ba5b49a27e",
        "type": "github"
      },
      "original": {
        "owner": "nix-systems",
        "repo": "default",
        "type": "github"
      }
    },
    "tinycmmc": {
      "inputs": {
        "flake-utils": [
          "flake-utils"
        ],
        "nixpkgs": [
          "nixpkgs"
        ]
      },
      "locked": {
        "lastModified": 1763256011,
        "narHash": "sha256-CpQWAHdeLUYd28cT9heG05p6RX9WF7QslqNHoBi931E=",
        "ref": "refs/heads/master",
        "rev": "2e007ba059a4991c011a7193c9d7df28826c9adc",
        "revCount": 64,
        "type": "git",
        "url": "https://github.com/grumbel/tinycmmc.git"
      },
      "original": {
        "type": "git",
        "url": "https://github.com/grumbel/tinycmmc.git"
      }
    },
    "tinygettext": {
      "inputs": {
        "flake-utils": [
          "flake-utils"
        ],
        "nixpkgs": [
          "nixpkgs"
        ],
        "tinycmmc": [
          "tinycmmc"
        ]
      },
      "locked": {
        "lastModified": 1781699585,
        "narHash": "sha256-SK4he/+iJJkpfr/oa/kb7ciiQlzuHmm2RdyQNe9UPIM=",
        "ref": "refs/heads/master",
        "rev": "95208892e8ec1eb22e7ff151f596696a20e0d5c6",
        "revCount": 349,
        "type": "git",
        "url": "https://github.com/tinygettext/tinygettext.git"
      },
      "original": {
        "type": "git",
        "url": "https://github.com/tinygettext/tinygettext.git"
      }
    },
    "uitest": {
      "inputs": {
        "flake-utils": [
          "flake-utils"
        ],
        "nixpkgs": [
          "nixpkgs"
        ],
        "tinycmmc": [
          "tinycmmc"
        ]
      },
      "locked": {
        "lastModified": 1764335609,
        "narHash": "sha256-dsRejwxHWopZNGOT1gR63Wcj3ZMSiLxBFbXJ9iqCc9g=",
        "ref": "refs/heads/master",
        "rev": "2968b238dbf49af082f30d9b6633a085554027e6",
        "revCount": 57,
        "type": "git",
        "url": "https://github.com/grumbel/uitest.git"
      },
      "original": {
        "type": "git",
        "url": "https://github.com/grumbel/uitest.git"
      }
    },
    "wstsound": {
      "inputs": {
        "flake-utils": [
          "flake-utils"
        ],
        "libmodplug-win32": "libmodplug-win32",
        "libogg-win32": "libogg-win32",
        "libvorbis-win32": "libvorbis-win32",
        "mpg123-win32": "mpg123-win32",
        "nixpkgs": [
          "nixpkgs"
        ],
        "openal-soft-win32": "openal-soft-win32",
        "opus-win32": "opus-win32",
        "opusfile-win32": "opusfile-win32",
        "tinycmmc": [
          "tinycmmc"
        ]
      },
      "locked": {
        "lastModified": 1775757265,
        "narHash": "sha256-GYSwjbCRzLEZ3WYcOCEGvsjPBIUTRmg9Q5G3JliS3W4=",
        "ref": "refs/heads/master",
        "rev": "e3153e702f470f68486bee9dc4f8ebc17d9c4413",
        "revCount": 523,
        "type": "git",
        "url": "https://github.com/WindstilleTeam/wstsound.git"
      },
      "original": {
        "type": "git",
        "url": "https://github.com/WindstilleTeam/wstsound.git"
      }
    },
    "xdgcpp": {
      "inputs": {
        "flake-utils": [
          "flake-utils"
        ],
        "nixpkgs": [
          "nixpkgs"
        ]
      },
      "locked": {
        "lastModified": 1763261245,
        "narHash": "sha256-hKVjwMh7KwZdGHGX3DrLh1ZuY6K68mMB4+7DF3X6S/w=",
        "ref": "refs/heads/master",
        "rev": "1c685dda3f94851be1af3d6d5971df15085c645c",
        "revCount": 61,
        "type": "git",
        "url": "https://github.com/grumbel/xdgcpp.git"
      },
      "original": {
        "type": "git",
        "url": "https://github.com/grumbel/xdgcpp.git"
      }
    }
  },
  "root": "root",
  "version": 7
}
